
Microsoft Visual Studio Solution File, Format Version 12.00
# Visual Studio Version 17
VisualStudioVersion = 17.4.33205.214
MinimumVisualStudioVersion = 10.0.40219.1
Project("{FAE04EC0-301F-11D3-BF4B-00C04F79EFBC}") = "Entities", "Entities\Entities.csproj", "{B5586C48-9FB9-405E-B0BC-5B8BB0824009}"
EndProject
Project("{FAE04EC0-301F-11D3-BF4B-00C04F79EFBC}") = "Business", "Bussines\Business.csproj", "{DABEFE33-22F7-4B46-8C5E-D34ADDF5F72D}"
EndProject
Project("{FAE04EC0-301F-11D3-BF4B-00C04F79EFBC}") = "DataAccess", "DataAccess\DataAccess.csproj", "{A93F8531-1DCA-4CC7-AA8F-96B165CA9CA3}"
EndProject
Project("{FAE04EC0-301F-11D3-BF4B-00C04F79EFBC}") = "ConsoleUI", "ConsoleUI\ConsoleUI.csproj", "{5F347FD6-48A5-4D78-89C9-210E06D4FF98}"
EndProject
Global
	GlobalSection(SolutionConfigurationPlatforms) = preSolution
		Debug|Any CPU = Debug|Any CPU
		Release|Any CPU = Release|Any CPU
	EndGlobalSection
	GlobalSection(ProjectConfigurationPlatforms) = postSolution
		{B5586C48-9FB9-405E-B0BC-5B8BB0824009}.Debug|Any CPU.ActiveCfg = Debug|Any CPU
		{B5586C48-9FB9-405E-B0BC-5B8BB0824009}.Debug|Any CPU.Build.0 = Debug|Any CPU
		{B5586C48-9FB9-405E-B0BC-5B8BB0824009}.Release|Any CPU.ActiveCfg = Release|Any CPU
		{B5586C48-9FB9-405E-B0BC-5B8BB0824009}.Release|Any CPU.Build.0 = Release|Any CPU
		{DABEFE33-22F7-4B46-8C5E-D34ADDF5F72D}.Debug|Any CPU.ActiveCfg = Debug|Any CPU
		{DABEFE33-22F7-4B46-8C5E-D34ADDF5F72D}.Debug|Any CPU.Build.0 = Debug|Any CPU
		{DABEFE33-22F7-4B46-8C5E-D34ADDF5F72D}.Release|Any CPU.ActiveCfg = Release|Any CPU
		{DABEFE33-22F7-4B46-8C5E-D34ADDF5F72D}.Release|Any CPU.Build.0 = Release|Any CPU
		{A93F8531-1DCA-4CC7-AA8F-96B165CA9CA3}.Debug|Any CPU.ActiveCfg = Debug|Any CPU
		{A93F8531-1DCA-4CC7-AA8F-96B165CA9CA3}.Debug|Any CPU.Build.0 = Debug|Any CPU
		{A93F8531-1DCA-4CC7-AA8F-96B165CA9CA3}.Release|Any CPU.ActiveCfg = Release|Any CPU
		{A93F8531-1DCA-4CC7-AA8F-96B165CA9CA3}.Release|Any CPU.Build.0 = Release|Any CPU
		{5F347FD6-48A5-4D78-89C9-210E06D4FF98}.Debug|Any CPU.ActiveCfg = Debug|Any CPU
		{5F347FD6-48A5-4D78-89C9-210E06D4FF98}.Debug|Any CPU.Build.0 = Debug|Any CPU
		{5F347FD6-48A5-4D78-89C9-210E06D4FF98}.Release|Any CPU.ActiveCfg = Release|Any CPU
		{5F347FD6-48A5-4D78-89C9-210E06D4FF98}.Release|Any CPU.Build.0 = Release|Any CPU
	EndGlobalSection
	GlobalSection(SolutionProperties) = preSolution
		HideSolutionNode = FALSE
	EndGlobalSection
	GlobalSection(ExtensibilityGlobals) = postSolution
		SolutionGuid = {BC01B5E2-2E4D-4648-AA80-6C4F72C4ED59}
	EndGlobalSection
EndGlobal
